
Microsoft Visual Studio Solution File, Format Version 12.00
# Visual Studio Version 17
VisualStudioVersion = 17.4.33205.214
MinimumVisualStudioVersion = 10.0.40219.1
Project("{9A19103F-16F7-4668-BE54-9A1E7A4F7556}") = "AdvDatabase-MusicSystem", "AdvDatabase-MusicSystem.csproj", "{90C0FDB6-FF4D-4CE4-ABC7-8B1F01F2C6EF}"
EndProject
Global
	GlobalSection(SolutionConfigurationPlatforms) = preSolution
		Debug|Any CPU = Debug|Any CPU
		Release|Any CPU = Release|Any CPU
	EndGlobalSection
	GlobalSection(ProjectConfigurationPlatforms) = postSolution
		{90C0FDB6-FF4D-4CE4-ABC7-8B1F01F2C6EF}.Debug|Any CPU.ActiveCfg = Debug|Any CPU
		{90C0FDB6-FF4D-4CE4-ABC7-8B1F01F2C6EF}.Debug|Any CPU.Build.0 = Debug|Any CPU
		{90C0FDB6-FF4D-4CE4-ABC7-8B1F01F2C6EF}.Release|Any CPU.ActiveCfg = Release|Any CPU
		{90C0FDB6-FF4D-4CE4-ABC7-8B1F01F2C6EF}.Release|Any CPU.Build.0 = Release|Any CPU
	EndGlobalSection
	GlobalSection(SolutionProperties) = preSolution
		HideSolutionNode = FALSE
	EndGlobalSection
	GlobalSection(ExtensibilityGlobals) = postSolution
		SolutionGuid = {DE931C76-B3D0-4479-83E5-A32A6E203BA2}
	EndGlobalSection
EndGlobal
